// !$*UTF8*$!
{
	archiveVersion = 1;
	classes = {
	};
	objectVersion = 46;
	objects = {

/* Begin PBXBuildFile section */
		1CD64BCD1DE819C600D68B31 /* RouteViewController.swift in Sources */ = {isa = PBXBuildFile; fileRef = 1CD64BCC1DE819C600D68B31 /* RouteViewController.swift */; };
		1CDCAED61DE2CE04008E01DB /* AppDelegate.swift in Sources */ = {isa = PBXBuildFile; fileRef = 1CDCAED51DE2CE04008E01DB /* AppDelegate.swift */; };
		1CDCAED81DE2CE04008E01DB /* ViewController.swift in Sources */ = {isa = PBXBuildFile; fileRef = 1CDCAED71DE2CE04008E01DB /* ViewController.swift */; };
		1CDCAEDB1DE2CE04008E01DB /* Main.storyboard in Resources */ = {isa = PBXBuildFile; fileRef = 1CDCAED91DE2CE04008E01DB /* Main.storyboard */; };
		1CDCAEDD1DE2CE04008E01DB /* Assets.xcassets in Resources */ = {isa = PBXBuildFile; fileRef = 1CDCAEDC1DE2CE04008E01DB /* Assets.xcassets */; };
		1CDCAEE01DE2CE04008E01DB /* LaunchScreen.storyboard in Resources */ = {isa = PBXBuildFile; fileRef = 1CDCAEDE1DE2CE04008E01DB /* LaunchScreen.storyboard */; };
		1CDCAEEB1DE2CE04008E01DB /* Assignment5Tests.swift in Sources */ = {isa = PBXBuildFile; fileRef = 1CDCAEEA1DE2CE04008E01DB /* Assignment5Tests.swift */; };
		1CDCAEF61DE2CE04008E01DB /* Assignment5UITests.swift in Sources */ = {isa = PBXBuildFile; fileRef = 1CDCAEF51DE2CE04008E01DB /* Assignment5UITests.swift */; };
		1CEE25761DE806C10071C371 /* MapViewController.swift in Sources */ = {isa = PBXBuildFile; fileRef = 1CEE25751DE806C10071C371 /* MapViewController.swift */; };
/* End PBXBuildFile section */

/* Begin PBXContainerItemProxy section */
		1CDCAEE71DE2CE04008E01DB /* PBXContainerItemProxy */ = {
			isa = PBXContainerItemProxy;
			containerPortal = 1CDCAECA1DE2CE04008E01DB /* Project object */;
			proxyType = 1;
			remoteGlobalIDString = 1CDCAED11DE2CE04008E01DB;
			remoteInfo = Assignment5;
		};
		1CDCAEF21DE2CE04008E01DB /* PBXContainerItemProxy */ = {
			isa = PBXContainerItemProxy;
			containerPortal = 1CDCAECA1DE2CE04008E01DB /* Project object */;
			proxyType = 1;
			remoteGlobalIDString = 1CDCAED11DE2CE04008E01DB;
			remoteInfo = Assignment5;
		};
/* End PBXContainerItemProxy section */

/* Begin PBXFileReference section */
		1CD64BCC1DE819C600D68B31 /* RouteViewController.swift */ = {isa = PBXFileReference; fileEncoding = 4; lastKnownFileType = sourcecode.swift; path = RouteViewController.swift; sourceTree = "<group>"; };
		1CDCAED21DE2CE04008E01DB /* Assignment5.app */ = {isa = PBXFileReference; explicitFileType = wrapper.application; includeInIndex = 0; path = Assignment5.app; sourceTree = BUILT_PRODUCTS_DIR; };
		1CDCAED51DE2CE04008E01DB /* AppDelegate.swift */ = {isa = PBXFileReference; lastKnownFileType = sourcecode.swift; path = AppDelegate.swift; sourceTree = "<group>"; };
		1CDCAED71DE2CE04008E01DB /* ViewController.swift */ = {isa = PBXFileReference; lastKnownFileType = sourcecode.swift; path = ViewController.swift; sourceTree = "<group>"; };
		1CDCAEDA1DE2CE04008E01DB /* Base */ = {isa = PBXFileReference; lastKnownFileType = file.storyboard; name = Base; path = Base.lproj/Main.storyboard; sourceTree = "<group>"; };
		1CDCAEDC1DE2CE04008E01DB /* Assets.xcassets */ = {isa = PBXFileReference; lastKnownFileType = folder.assetcatalog; path = Assets.xcassets; sourceTree = "<group>"; };
		1CDCAEDF1DE2CE04008E01DB /* Base */ = {isa = PBXFileReference; lastKnownFileType = file.storyboard; name = Base; path = Base.lproj/LaunchScreen.storyboard; sourceTree = "<group>"; };
		1CDCAEE11DE2CE04008E01DB /* Info.plist */ = {isa = PBXFileReference; lastKnownFileType = text.plist.xml; path = Info.plist; sourceTree = "<group>"; };
		1CDCAEE61DE2CE04008E01DB /* Assignment5Tests.xctest */ = {isa = PBXFileReference; explicitFileType = wrapper.cfbundle; includeInIndex = 0; path = Assignment5Tests.xctest; sourceTree = BUILT_PRODUCTS_DIR; };
		1CDCAEEA1DE2CE04008E01DB /* Assignment5Tests.swift */ = {isa = PBXFileReference; lastKnownFileType = sourcecode.swift; path = Assignment5Tests.swift; sourceTree = "<group>"; };
		1CDCAEEC1DE2CE04008E01DB /* Info.plist */ = {isa = PBXFileReference; lastKnownFileType = text.plist.xml; path = Info.plist; sourceTree = "<group>"; };
		1CDCAEF11DE2CE04008E01DB /* Assignment5UITests.xctest */ = {isa = PBXFileReference; explicitFileType = wrapper.cfbundle; includeInIndex = 0; path = Assignment5UITests.xctest; sourceTree = BUILT_PRODUCTS_DIR; };
		1CDCAEF51DE2CE04008E01DB /* Assignment5UITests.swift */ = {isa = PBXFileReference; lastKnownFileType = sourcecode.swift; path = Assignment5UITests.swift; sourceTree = "<group>"; };
		1CDCAEF71DE2CE04008E01DB /* Info.plist */ = {isa = PBXFileReference; lastKnownFileType = text.plist.xml; path = Info.plist; sourceTree = "<group>"; };
		1CEE25751DE806C10071C371 /* MapViewController.swift */ = {isa = PBXFileReference; fileEncoding = 4; lastKnownFileType = sourcecode.swift; path = MapViewController.swift; sourceTree = "<group>"; };
/* End PBXFileReference section */

/* Begin PBXFrameworksBuildPhase section */
		1CDCAECF1DE2CE04008E01DB /* Frameworks */ = {
			isa = PBXFrameworksBuildPhase;
			buildActionMask = 2147483647;
			files = (
			);
			runOnlyForDeploymentPostprocessing = 0;
		};
		1CDCAEE31DE2CE04008E01DB /* Frameworks */ = {
			isa = PBXFrameworksBuildPhase;
			buildActionMask = 2147483647;
			files = (
			);
			runOnlyForDeploymentPostprocessing = 0;
		};
		1CDCAEEE1DE2CE04008E01DB /* Frameworks */ = {
			isa = PBXFrameworksBuildPhase;
			buildActionMask = 2147483647;
			files = (
			);
			runOnlyForDeploymentPostprocessing = 0;
		};
/* End PBXFrameworksBuildPhase section */

/* Begin PBXGroup section */
		1CDCAEC91DE2CE04008E01DB = {
			isa = PBXGroup;
			children = (
				1CDCAED41DE2CE04008E01DB /* Assignment5 */,
				1CDCAEE91DE2CE04008E01DB /* Assignment5Tests */,
				1CDCAEF41DE2CE04008E01DB /* Assignment5UITests */,
				1CDCAED31DE2CE04008E01DB /* Products */,
			);
			sourceTree = "<group>";
		};
		1CDCAED31DE2CE04008E01DB /* Products */ = {
			isa = PBXGroup;
			children = (
				1CDCAED21DE2CE04008E01DB /* Assignment5.app */,
				1CDCAEE61DE2CE04008E01DB /* Assignment5Tests.xctest */,
				1CDCAEF11DE2CE04008E01DB /* Assignment5UITests.xctest */,
			);
			name = Products;
			sourceTree = "<group>";
		};
		1CDCAED41DE2CE04008E01DB /* Assignment5 */ = {
			isa = PBXGroup;
			children = (
				1CDCAED51DE2CE04008E01DB /* AppDelegate.swift */,
				1CDCAED71DE2CE04008E01DB /* ViewController.swift */,
				1CDCAED91DE2CE04008E01DB /* Main.storyboard */,
				1CDCAEDC1DE2CE04008E01DB /* Assets.xcassets */,
				1CDCAEDE1DE2CE04008E01DB /* LaunchScreen.storyboard */,
				1CDCAEE11DE2CE04008E01DB /* Info.plist */,
				1CEE25751DE806C10071C371 /* MapViewController.swift */,
				1CD64BCC1DE819C600D68B31 /* RouteViewController.swift */,
			);
			path = Assignment5;
			sourceTree = "<group>";
		};
		1CDCAEE91DE2CE04008E01DB /* Assignment5Tests */ = {
			isa = PBXGroup;
			children = (
				1CDCAEEA1DE2CE04008E01DB /* Assignment5Tests.swift */,
				1CDCAEEC1DE2CE04008E01DB /* Info.plist */,
			);
			path = Assignment5Tests;
			sourceTree = "<group>";
		};
		1CDCAEF41DE2CE04008E01DB /* Assignment5UITests */ = {
			isa = PBXGroup;
			children = (
				1CDCAEF51DE2CE04008E01DB /* Assignment5UITests.swift */,
				1CDCAEF71DE2CE04008E01DB /* Info.plist */,
			);
			path = Assignment5UITests;
			sourceTree = "<group>";
		};
/* End PBXGroup section */

/* Begin PBXNativeTarget section */
		1CDCAED11DE2CE04008E01DB /* Assignment5 */ = {
			isa = PBXNativeTarget;
			buildConfigurationList = 1CDCAEFA1DE2CE04008E01DB /* Build configuration list for PBXNativeTarget "Assignment5" */;
			buildPhases = (
				1CDCAECE1DE2CE04008E01DB /* Sources */,
				1CDCAECF1DE2CE04008E01DB /* Frameworks */,
				1CDCAED01DE2CE04008E01DB /* Resources */,
			);
			buildRules = (
			);
			dependencies = (
			);
			name = Assignment5;
			productName = Assignment5;
			productReference = 1CDCAED21DE2CE04008E01DB /* Assignment5.app */;
			productType = "com.apple.product-type.application";
		};
		1CDCAEE51DE2CE04008E01DB /* Assignment5Tests */ = {
			isa = PBXNativeTarget;
			buildConfigurationList = 1CDCAEFD1DE2CE04008E01DB /* Build configuration list for PBXNativeTarget "Assignment5Tests" */;
			buildPhases = (
				1CDCAEE21DE2CE04008E01DB /* Sources */,
				1CDCAEE31DE2CE04008E01DB /* Frameworks */,
				1CDCAEE41DE2CE04008E01DB /* Resources */,
			);
			buildRules = (
			);
			dependencies = (
				1CDCAEE81DE2CE04008E01DB /* PBXTargetDependency */,
			);
			name = Assignment5Tests;
			productName = Assignment5Tests;
			productReference = 1CDCAEE61DE2CE04008E01DB /* Assignment5Tests.xctest */;
			productType = "com.apple.product-type.bundle.unit-test";
		};
		1CDCAEF01DE2CE04008E01DB /* Assignment5UITests */ = {
			isa = PBXNativeTarget;
			buildConfigurationList = 1CDCAF001DE2CE04008E01DB /* Build configuration list for PBXNativeTarget "Assignment5UITests" */;
			buildPhases = (
				1CDCAEED1DE2CE04008E01DB /* Sources */,
				1CDCAEEE1DE2CE04008E01DB /* Frameworks */,
				1CDCAEEF1DE2CE04008E01DB /* Resources */,
			);
			buildRules = (
			);
			dependencies = (
				1CDCAEF31DE2CE04008E01DB /* PBXTargetDependency */,
			);
			name = Assignment5UITests;
			productName = Assignment5UITests;
			productReference = 1CDCAEF11DE2CE04008E01DB /* Assignment5UITests.xctest */;
			productType = "com.apple.product-type.bundle.ui-testing";
		};
/* End PBXNativeTarget section */

/* Begin PBXProject section */
		1CDCAECA1DE2CE04008E01DB /* Project object */ = {
			isa = PBXProject;
			attributes = {
				LastSwiftUpdateCheck = 0810;
				LastUpgradeCheck = 0810;
				ORGANIZATIONNAME = "Son Thai";
				TargetAttributes = {
					1CDCAED11DE2CE04008E01DB = {
						CreatedOnToolsVersion = 8.1;
						DevelopmentTeam = A9KZSUNYRB;
						ProvisioningStyle = Automatic;
					};
					1CDCAEE51DE2CE04008E01DB = {
						CreatedOnToolsVersion = 8.1;
						DevelopmentTeam = 5PKYKCYDR5;
						ProvisioningStyle = Automatic;
						TestTargetID = 1CDCAED11DE2CE04008E01DB;
					};
					1CDCAEF01DE2CE04008E01DB = {
						CreatedOnToolsVersion = 8.1;
						DevelopmentTeam = 5PKYKCYDR5;
						ProvisioningStyle = Automatic;
						TestTargetID = 1CDCAED11DE2CE04008E01DB;
					};
				};
			};
			buildConfigurationList = 1CDCAECD1DE2CE04008E01DB /* Build configuration list for PBXProject "Assignment5" */;
			compatibilityVersion = "Xcode 3.2";
			developmentRegion = English;
			hasScannedForEncodings = 0;
			knownRegions = (
				en,
				Base,
			);
			mainGroup = 1CDCAEC91DE2CE04008E01DB;
			productRefGroup = 1CDCAED31DE2CE04008E01DB /* Products */;
			projectDirPath = "";
			projectRoot = "";
			targets = (
				1CDCAED11DE2CE04008E01DB /* Assignment5 */,
				1CDCAEE51DE2CE04008E01DB /* Assignment5Tests */,
				1CDCAEF01DE2CE04008E01DB /* Assignment5UITests */,
			);
		};
/* End PBXProject section */

/* Begin PBXResourcesBuildPhase section */
		1CDCAED01DE2CE04008E01DB /* Resources */ = {
			isa = PBXResourcesBuildPhase;
			buildActionMask = 2147483647;
			files = (
				1CDCAEE01DE2CE04008E01DB /* LaunchScreen.storyboard in Resources */,
				1CDCAEDD1DE2CE04008E01DB /* Assets.xcassets in Resources */,
				1CDCAEDB1DE2CE04008E01DB /* Main.storyboard in Resources */,
			);
			runOnlyForDeploymentPostprocessing = 0;
		};
		1CDCAEE41DE2CE04008E01DB /* Resources */ = {
			isa = PBXResourcesBuildPhase;
			buildActionMask = 2147483647;
			files = (
			);
			runOnlyForDeploymentPostprocessing = 0;
		};
		1CDCAEEF1DE2CE04008E01DB /* Resources */ = {
			isa = PBXResourcesBuildPhase;
			buildActionMask = 2147483647;
			files = (
			);
			runOnlyForDeploymentPostprocessing = 0;
		};
/* End PBXResourcesBuildPhase section */

/* Begin PBXSourcesBuildPhase section */
		1CDCAECE1DE2CE04008E01DB /* Sources */ = {
			isa = PBXSourcesBuildPhase;
			buildActionMask = 2147483647;
			files = (
				1CDCAED81DE2CE04008E01DB /* ViewController.swift in Sources */,
				1CEE25761DE806C10071C371 /* MapViewController.swift in Sources */,
				1CD64BCD1DE819C600D68B31 /* RouteViewController.swift in Sources */,
				1CDCAED61DE2CE04008E01DB /* AppDelegate.swift in Sources */,
			);
			runOnlyForDeploymentPostprocessing = 0;
		};
		1CDCAEE21DE2CE04008E01DB /* Sources */ = {
			isa = PBXSourcesBuildPhase;
			buildActionMask = 2147483647;
			files = (
				1CDCAEEB1DE2CE04008E01DB /* Assignment5Tests.swift in Sources */,
			);
			runOnlyForDeploymentPostprocessing = 0;
		};
		1CDCAEED1DE2CE04008E01DB /* Sources */ = {
			isa = PBXSourcesBuildPhase;
			buildActionMask = 2147483647;
			files = (
				1CDCAEF61DE2CE04008E01DB /* Assignment5UITests.swift in Sources */,
			);
			runOnlyForDeploymentPostprocessing = 0;
		};
/* End PBXSourcesBuildPhase section */

/* Begin PBXTargetDependency section */
		1CDCAEE81DE2CE04008E01DB /* PBXTargetDependency */ = {
			isa = PBXTargetDependency;
			target = 1CDCAED11DE2CE04008E01DB /* Assignment5 */;
			targetProxy = 1CDCAEE71DE2CE04008E01DB /* PBXContainerItemProxy */;
		};
		1CDCAEF31DE2CE04008E01DB /* PBXTargetDependency */ = {
			isa = PBXTargetDependency;
			target = 1CDCAED11DE2CE04008E01DB /* Assignment5 */;
			targetProxy = 1CDCAEF21DE2CE04008E01DB /* PBXContainerItemProxy */;
		};
/* End PBXTargetDependency section */

/* Begin PBXVariantGroup section */
		1CDCAED91DE2CE04008E01DB /* Main.storyboard */ = {
			isa = PBXVariantGroup;
			children = (
				1CDCAEDA1DE2CE04008E01DB /* Base */,
			);
			name = Main.storyboard;
			sourceTree = "<group>";
		};
		1CDCAEDE1DE2CE04008E01DB /* LaunchScreen.storyboard */ = {
			isa = PBXVariantGroup;
			children = (
				1CDCAEDF1DE2CE04008E01DB /* Base */,
			);
			name = LaunchScreen.storyboard;
			sourceTree = "<group>";
		};
/* End PBXVariantGroup section */

/* Begin XCBuildConfiguration section */
		1CDCAEF81DE2CE04008E01DB /* Debug */ = {
			isa = XCBuildConfiguration;
			buildSettings = {
				ALWAYS_SEARCH_USER_PATHS = NO;
				CLANG_ANALYZER_NONNULL = YES;
				CLANG_CXX_LANGUAGE_STANDARD = "gnu++0x";
				CLANG_CXX_LIBRARY = "libc++";
				CLANG_ENABLE_MODULES = YES;
				CLANG_ENABLE_OBJC_ARC = YES;
				CLANG_WARN_BOOL_CONVERSION = YES;
				CLANG_WARN_CONSTANT_CONVERSION = YES;
				CLANG_WARN_DIRECT_OBJC_ISA_USAGE = YES_ERROR;
				CLANG_WARN_DOCUMENTATION_COMMENTS = YES;
				CLANG_WARN_EMPTY_BODY = YES;
				CLANG_WARN_ENUM_CONVERSION = YES;
				CLANG_WARN_INFINITE_RECURSION = YES;
				CLANG_WARN_INT_CONVERSION = YES;
				CLANG_WARN_OBJC_ROOT_CLASS = YES_ERROR;
				CLANG_WARN_SUSPICIOUS_MOVES = YES;
				CLANG_WARN_UNREACHABLE_CODE = YES;
				CLANG_WARN__DUPLICATE_METHOD_MATCH = YES;
				"CODE_SIGN_IDENTITY[sdk=iphoneos*]" = "iPhone Developer";
				COPY_PHASE_STRIP = NO;
				DEBUG_INFORMATION_FORMAT = dwarf;
				ENABLE_STRICT_OBJC_MSGSEND = YES;
				ENABLE_TESTABILITY = YES;
				GCC_C_LANGUAGE_STANDARD = gnu99;
				GCC_DYNAMIC_NO_PIC = NO;
				GCC_NO_COMMON_BLOCKS = YES;
				GCC_OPTIMIZATION_LEVEL = 0;
				GCC_PREPROCESSOR_DEFINITIONS = (
					"DEBUG=1",
					"$(inherited)",
				);
				GCC_WARN_64_TO_32_BIT_CONVERSION = YES;
				GCC_WARN_ABOUT_RETURN_TYPE = YES_ERROR;
				GCC_WARN_UNDECLARED_SELECTOR = YES;
				GCC_WARN_UNINITIALIZED_AUTOS = YES_AGGRESSIVE;
				GCC_WARN_UNUSED_FUNCTION = YES;
				GCC_WARN_UNUSED_VARIABLE = YES;
				IPHONEOS_DEPLOYMENT_TARGET = 10.1;
				MTL_ENABLE_DEBUG_INFO = YES;
				ONLY_ACTIVE_ARCH = YES;
				SDKROOT = iphoneos;
				SWIFT_ACTIVE_COMPILATION_CONDITIONS = DEBUG;
				SWIFT_OPTIMIZATION_LEVEL = "-Onone";
			};
			name = Debug;
		};
		1CDCAEF91DE2CE04008E01DB /* Release */ = {
			isa = XCBuildConfiguration;
			buildSettings = {
				ALWAYS_SEARCH_USER_PATHS = NO;
				CLANG_ANALYZER_NONNULL = YES;
				CLANG_CXX_LANGUAGE_STANDARD = "gnu++0x";
				CLANG_CXX_LIBRARY = "libc++";
				CLANG_ENABLE_MODULES = YES;
				CLANG_ENABLE_OBJC_ARC = YES;
				CLANG_WARN_BOOL_CONVERSION = YES;
				CLANG_WARN_CONSTANT_CONVERSION = YES;
				CLANG_WARN_DIRECT_OBJC_ISA_USAGE = YES_ERROR;
				CLANG_WARN_DOCUMENTATION_COMMENTS = YES;
				CLANG_WARN_EMPTY_BODY = YES;
				CLANG_WARN_ENUM_CONVERSION = YES;
				CLANG_WARN_INFINITE_RECURSION = YES;
				CLANG_WARN_INT_CONVERSION = YES;
				CLANG_WARN_OBJC_ROOT_CLASS = YES_ERROR;
				CLANG_WARN_SUSPICIOUS_MOVES = YES;
				CLANG_WARN_UNREACHABLE_CODE = YES;
				CLANG_WARN__DUPLICATE_METHOD_MATCH = YES;
				"CODE_SIGN_IDENTITY[sdk=iphoneos*]" = "iPhone Developer";
				COPY_PHASE_STRIP = NO;
				DEBUG_INFORMATION_FORMAT = "dwarf-with-dsym";
				ENABLE_NS_ASSERTIONS = NO;
				ENABLE_STRICT_OBJC_MSGSEND = YES;
				GCC_C_LANGUAGE_STANDARD = gnu99;
				GCC_NO_COMMON_BLOCKS = YES;
				GCC_WARN_64_TO_32_BIT_CONVERSION = YES;
				GCC_WARN_ABOUT_RETURN_TYPE = YES_ERROR;
				GCC_WARN_UNDECLARED_SELECTOR = YES;
				GCC_WARN_UNINITIALIZED_AUTOS = YES_AGGRESSIVE;
				GCC_WARN_UNUSED_FUNCTION = YES;
				GCC_WARN_UNUSED_VARIABLE = YES;
				IPHONEOS_DEPLOYMENT_TARGET = 10.1;
				MTL_ENABLE_DEBUG_INFO = NO;
				SDKROOT = iphoneos;
				SWIFT_OPTIMIZATION_LEVEL = "-Owholemodule";
				VALIDATE_PRODUCT = YES;
			};
			name = Release;
		};
		1CDCAEFB1DE2CE04008E01DB /* Debug */ = {
			isa = XCBuildConfiguration;
			buildSettings = {
				ASSETCATALOG_COMPILER_APPICON_NAME = AppIcon;
				DEVELOPMENT_TEAM = A9KZSUNYRB;
				INFOPLIST_FILE = Assignment5/Info.plist;
				LD_RUNPATH_SEARCH_PATHS = "$(inherited) @executable_path/Frameworks";
				PRODUCT_BUNDLE_IDENTIFIER = sjsu.cmpe297.Assignment5;
				PRODUCT_NAME = "$(TARGET_NAME)";
				SWIFT_VERSION = 3.0;
			};
			name = Debug;
		};
		1CDCAEFC1DE2CE04008E01DB /* Release */ = {
			isa = XCBuildConfiguration;
			buildSettings = {
				ASSETCATALOG_COMPILER_APPICON_NAME = AppIcon;
				DEVELOPMENT_TEAM = A9KZSUNYRB;
				INFOPLIST_FILE = Assignment5/Info.plist;
				LD_RUNPATH_SEARCH_PATHS = "$(inherited) @executable_path/Frameworks";
				PRODUCT_BUNDLE_IDENTIFIER = sjsu.cmpe297.Assignment5;
				PRODUCT_NAME = "$(TARGET_NAME)";
				SWIFT_VERSION = 3.0;
			};
			name = Release;
		};
		1CDCAEFE1DE2CE04008E01DB /* Debug */ = {
			isa = XCBuildConfiguration;
			buildSettings = {
				ALWAYS_EMBED_SWIFT_STANDARD_LIBRARIES = YES;
				BUNDLE_LOADER = "$(TEST_HOST)";
				DEVELOPMENT_TEAM = 5PKYKCYDR5;
				INFOPLIST_FILE = Assignment5Tests/Info.plist;
				LD_RUNPATH_SEARCH_PATHS = "$(inherited) @executable_path/Frameworks @loader_path/Frameworks";
				PRODUCT_BUNDLE_IDENTIFIER = sjsu.cmpe297.Assignment5Tests;
				PRODUCT_NAME = "$(TARGET_NAME)";
				SWIFT_VERSION = 3.0;
				TEST_HOST = "$(BUILT_PRODUCTS_DIR)/Assignment5.app/Assignment5";
			};
			name = Debug;
		};
		1CDCAEFF1DE2CE04008E01DB /* Release */ = {
			isa = XCBuildConfiguration;
			buildSettings = {
				ALWAYS_EMBED_SWIFT_STANDARD_LIBRARIES = YES;
				BUNDLE_LOADER = "$(TEST_HOST)";
				DEVELOPMENT_TEAM = 5PKYKCYDR5;
				INFOPLIST_FILE = Assignment5Tests/Info.plist;
				LD_RUNPATH_SEARCH_PATHS = "$(inherited) @executable_path/Frameworks @loader_path/Frameworks";
				PRODUCT_BUNDLE_IDENTIFIER = sjsu.cmpe297.Assignment5Tests;
				PRODUCT_NAME = "$(TARGET_NAME)";
				SWIFT_VERSION = 3.0;
				TEST_HOST = "$(BUILT_PRODUCTS_DIR)/Assignment5.app/Assignment5";
			};
			name = Release;
		};
		1CDCAF011DE2CE04008E01DB /* Debug */ = {
			isa = XCBuildConfiguration;
			buildSettings = {
				ALWAYS_EMBED_SWIFT_STANDARD_LIBRARIES = YES;
				DEVELOPMENT_TEAM = 5PKYKCYDR5;
				INFOPLIST_FILE = Assignment5UITests/Info.plist;
				LD_RUNPATH_SEARCH_PATHS = "$(inherited) @executable_path/Frameworks @loader_path/Frameworks";
				PRODUCT_BUNDLE_IDENTIFIER = sjsu.cmpe297.Assignment5UITests;
				PRODUCT_NAME = "$(TARGET_NAME)";
				SWIFT_VERSION = 3.0;
				TEST_TARGET_NAME = Assignment5;
			};
			name = Debug;
		};
		1CDCAF021DE2CE04008E01DB /* Release */ = {
			isa = XCBuildConfiguration;
			buildSettings = {
				ALWAYS_EMBED_SWIFT_STANDARD_LIBRARIES = YES;
				DEVELOPMENT_TEAM = 5PKYKCYDR5;
				INFOPLIST_FILE = Assignment5UITests/Info.plist;
				LD_RUNPATH_SEARCH_PATHS = "$(inherited) @executable_path/Frameworks @loader_path/Frameworks";
				PRODUCT_BUNDLE_IDENTIFIER = sjsu.cmpe297.Assignment5UITests;
				PRODUCT_NAME = "$(TARGET_NAME)";
				SWIFT_VERSION = 3.0;
				TEST_TARGET_NAME = Assignment5;
			};
			name = Release;
		};
/* End XCBuildConfiguration section */

/* Begin XCConfigurationList section */
		1CDCAECD1DE2CE04008E01DB /* Build configuration list for PBXProject "Assignment5" */ = {
			isa = XCConfigurationList;
			buildConfigurations = (
				1CDCAEF81DE2CE04008E01DB /* Debug */,
				1CDCAEF91DE2CE04008E01DB /* Release */,
			);
			defaultConfigurationIsVisible = 0;
			defaultConfigurationName = Release;
		};
		1CDCAEFA1DE2CE04008E01DB /* Build configuration list for PBXNativeTarget "Assignment5" */ = {
			isa = XCConfigurationList;
			buildConfigurations = (
				1CDCAEFB1DE2CE04008E01DB /* Debug */,
				1CDCAEFC1DE2CE04008E01DB /* Release */,
			);
			defaultConfigurationIsVisible = 0;
			defaultConfigurationName = Release;
		};
		1CDCAEFD1DE2CE04008E01DB /* Build configuration list for PBXNativeTarget "Assignment5Tests" */ = {
			isa = XCConfigurationList;
			buildConfigurations = (
				1CDCAEFE1DE2CE04008E01DB /* Debug */,
				1CDCAEFF1DE2CE04008E01DB /* Release */,
			);
			defaultConfigurationIsVisible = 0;
			defaultConfigurationName = Release;
		};
		1CDCAF001DE2CE04008E01DB /* Build configuration list for PBXNativeTarget "Assignment5UITests" */ = {
			isa = XCConfigurationList;
			buildConfigurations = (
				1CDCAF011DE2CE04008E01DB /* Debug */,
				1CDCAF021DE2CE04008E01DB /* Release */,
			);
			defaultConfigurationIsVisible = 0;
			defaultConfigurationName = Release;
		};
/* End XCConfigurationList section */
	};
	rootObject = 1CDCAECA1DE2CE04008E01DB /* Project object */;
}
